{
  "date": "2024-11-09T11:55:23.746Z",
  "type": "f",
  "description": "Grant type 'authorization_code' not allowed for the client.",
  "connection_id": "",
  "client_id": "vSNv3aQOWnGkRaCf1cYMilFz4RurL8iH",
  "ip": "178.43.5.192",
  "user_agent": "Chrome 130.0.0 / Windows 10.0.0",
  "details": {
    "body": {},
    "qs": {
      "client_id": "vSNv3aQOWnGkRaCf1cYMilFz4RurL8iH",
      "scope": "openid profile email",
      "redirect_uri": "http://localhost:5173",
      "response_type": "code",
      "response_mode": "query",
      "state": "dWQ4b1k2NnlORHJjX3dkdksuTXEyTXhteC5wWEdCeFBSNWxpQkMxa2JkcA==",
      "nonce": "UmlKWDlaUThlcn5iSUZHUFUtVDZqVkV5cnBScHRYYUw5ejlCR2ZPb3dzbw==",
      "code_challenge": "uTK09Lv_Uehs8clciLoiDkLfAI-iGcmbOCT_6lI1DCA",
      "code_challenge_method": "S256",
      "auth0Client": "eyJuYW1lIjoiYXV0aDAtdnVlIiwidmVyc2lvbiI6IjIuMy4xIn0="
    },
    "error": {
      "message": "Grant type 'authorization_code' not allowed for the client.",
      "oauthError": "unauthorized_client",
      "type": "oauth-authorization"
    }
  },
  "hostname": "dev-3zf4ofit8rok4lhx.us.auth0.com",
  "auth0_client": {
    "name": "auth0-vue",
    "version": "2.3.1"
  },
  "$event_schema": {
    "version": "1.0.0"
  },
  "log_id": "90020241109115523830460000000000000001223372060145551716",
  "tenant_name": "dev-3zf4ofit8rok4lhx",
  "_id": "90020241109115523830460000000000000001223372060145551716",
  "isMobile": false,
  "originalData": {
    "date": "2024-11-09T11:55:23.746Z",
    "type": "f",
    "description": "Grant type 'authorization_code' not allowed for the client.",
    "connection_id": "",
    "client_id": "vSNv3aQOWnGkRaCf1cYMilFz4RurL8iH",
    "ip": "178.43.5.192",
    "user_agent": "Chrome 130.0.0 / Windows 10.0.0",
    "details": {
      "body": {},
      "qs": {
        "client_id": "vSNv3aQOWnGkRaCf1cYMilFz4RurL8iH",
        "scope": "openid profile email",
        "redirect_uri": "http://localhost:5173",
        "response_type": "code",
        "response_mode": "query",
        "state": "dWQ4b1k2NnlORHJjX3dkdksuTXEyTXhteC5wWEdCeFBSNWxpQkMxa2JkcA==",
        "nonce": "UmlKWDlaUThlcn5iSUZHUFUtVDZqVkV5cnBScHRYYUw5ejlCR2ZPb3dzbw==",
        "code_challenge": "uTK09Lv_Uehs8clciLoiDkLfAI-iGcmbOCT_6lI1DCA",
        "code_challenge_method": "S256",
        "auth0Client": "eyJuYW1lIjoiYXV0aDAtdnVlIiwidmVyc2lvbiI6IjIuMy4xIn0="
      },
      "error": {
        "message": "Grant type 'authorization_code' not allowed for the client.",
        "oauthError": "unauthorized_client",
        "type": "oauth-authorization"
      }
    },
    "hostname": "dev-3zf4ofit8rok4lhx.us.auth0.com",
    "auth0_client": {
      "name": "auth0-vue",
      "version": "2.3.1"
    },
    "$event_schema": {
      "version": "1.0.0"
    },
    "log_id": "90020241109115523830460000000000000001223372060145551716",
    "tenant_name": "dev-3zf4ofit8rok4lhx",
    "_id": "90020241109115523830460000000000000001223372060145551716",
    "isMobile": false
  },
  "integrityRuleset": {},
  "id": "90020241109115523830460000000000000001223372060145551716"
}